
Microsoft Visual Studio Solution File, Format Version 12.00
# Visual Studio 15
VisualStudioVersion = 15.0.27004.2008
MinimumVisualStudioVersion = 10.0.40219.1
Project("{FAE04EC0-301F-11D3-BF4B-00C04F79EFBC}") = "Sequencer_Universal", "Sequencer_Universal\Sequencer_Universal.csproj", "{4695B698-3B6E-4AD2-9DC6-9932AC13E810}"
EndProject
Project("{FAE04EC0-301F-11D3-BF4B-00C04F79EFBC}") = "ManagedAudioEngineUniversal", "MAnagedAudioEngineUniversal\ManagedAudioEngineUniversal.csproj", "{A1E180A8-C774-4FC2-B4A7-917A5CC5DC9B}"
EndProject
Project("{FAE04EC0-301F-11D3-BF4B-00C04F79EFBC}") = "FileExplorerUniversal", "FileExplorerUniversal\FileExplorerUniversal.csproj", "{A50977C8-3E6D-46CE-8BC3-16A4878E3FCE}"
EndProject
Project("{FAE04EC0-301F-11D3-BF4B-00C04F79EFBC}") = "PersistencyUniversal", "PersistencyUniversal\PersistencyUniversal.csproj", "{6713BEA0-7EBD-49AC-BCEC-0C3633E2C77C}"
EndProject
Project("{FAE04EC0-301F-11D3-BF4B-00C04F79EFBC}") = "UIUniversal", "UIUniversal\UIUniversal.csproj", "{F9CD2948-109F-4774-AC05-0EE54B3AB55B}"
EndProject
Project("{2150E333-8FDC-42A3-9474-1A3956D46DE8}") = "Solution Items", "Solution Items", "{21AF82BD-4858-42B0-9A0D-57DAA083202D}"
	ProjectSection(SolutionItems) = preProject
		.gitignore = .gitignore
		LICENSE = LICENSE
		README.md = README.md
	EndProjectSection
EndProject
Global
	GlobalSection(SolutionConfigurationPlatforms) = preSolution
		Debug|Any CPU = Debug|Any CPU
		Debug|ARM = Debug|ARM
		Debug|Mixed Platforms = Debug|Mixed Platforms
		Debug|Win32 = Debug|Win32
		Debug|x64 = Debug|x64
		Debug|x86 = Debug|x86
		Release|Any CPU = Release|Any CPU
		Release|ARM = Release|ARM
		Release|Mixed Platforms = Release|Mixed Platforms
		Release|Win32 = Release|Win32
		Release|x64 = Release|x64
		Release|x86 = Release|x86
	EndGlobalSection
	GlobalSection(ProjectConfigurationPlatforms) = postSolution
		{4695B698-3B6E-4AD2-9DC6-9932AC13E810}.Debug|Any CPU.ActiveCfg = Debug|x86
		{4695B698-3B6E-4AD2-9DC6-9932AC13E810}.Debug|ARM.ActiveCfg = Debug|ARM
		{4695B698-3B6E-4AD2-9DC6-9932AC13E810}.Debug|ARM.Build.0 = Debug|ARM
		{4695B698-3B6E-4AD2-9DC6-9932AC13E810}.Debug|ARM.Deploy.0 = Debug|ARM
		{4695B698-3B6E-4AD2-9DC6-9932AC13E810}.Debug|Mixed Platforms.ActiveCfg = Debug|x86
		{4695B698-3B6E-4AD2-9DC6-9932AC13E810}.Debug|Mixed Platforms.Build.0 = Debug|x86
		{4695B698-3B6E-4AD2-9DC6-9932AC13E810}.Debug|Mixed Platforms.Deploy.0 = Debug|x86
		{4695B698-3B6E-4AD2-9DC6-9932AC13E810}.Debug|Win32.ActiveCfg = Debug|x86
		{4695B698-3B6E-4AD2-9DC6-9932AC13E810}.Debug|Win32.Build.0 = Debug|x86
		{4695B698-3B6E-4AD2-9DC6-9932AC13E810}.Debug|Win32.Deploy.0 = Debug|x86
		{4695B698-3B6E-4AD2-9DC6-9932AC13E810}.Debug|x64.ActiveCfg = Debug|x64
		{4695B698-3B6E-4AD2-9DC6-9932AC13E810}.Debug|x64.Build.0 = Debug|x64
		{4695B698-3B6E-4AD2-9DC6-9932AC13E810}.Debug|x64.Deploy.0 = Debug|x64
		{4695B698-3B6E-4AD2-9DC6-9932AC13E810}.Debug|x86.ActiveCfg = Debug|x86
		{4695B698-3B6E-4AD2-9DC6-9932AC13E810}.Debug|x86.Build.0 = Debug|x86
		{4695B698-3B6E-4AD2-9DC6-9932AC13E810}.Debug|x86.Deploy.0 = Debug|x86
		{4695B698-3B6E-4AD2-9DC6-9932AC13E810}.Release|Any CPU.ActiveCfg = Release|x86
		{4695B698-3B6E-4AD2-9DC6-9932AC13E810}.Release|ARM.ActiveCfg = Release|ARM
		{4695B698-3B6E-4AD2-9DC6-9932AC13E810}.Release|ARM.Build.0 = Release|ARM
		{4695B698-3B6E-4AD2-9DC6-9932AC13E810}.Release|ARM.Deploy.0 = Release|ARM
		{4695B698-3B6E-4AD2-9DC6-9932AC13E810}.Release|Mixed Platforms.ActiveCfg = Release|x86
		{4695B698-3B6E-4AD2-9DC6-9932AC13E810}.Release|Mixed Platforms.Build.0 = Release|x86
		{4695B698-3B6E-4AD2-9DC6-9932AC13E810}.Release|Mixed Platforms.Deploy.0 = Release|x86
		{4695B698-3B6E-4AD2-9DC6-9932AC13E810}.Release|Win32.ActiveCfg = Release|x86
		{4695B698-3B6E-4AD2-9DC6-9932AC13E810}.Release|Win32.Build.0 = Release|x86
		{4695B698-3B6E-4AD2-9DC6-9932AC13E810}.Release|Win32.Deploy.0 = Release|x86
		{4695B698-3B6E-4AD2-9DC6-9932AC13E810}.Release|x64.ActiveCfg = Release|x64
		{4695B698-3B6E-4AD2-9DC6-9932AC13E810}.Release|x64.Build.0 = Release|x64
		{4695B698-3B6E-4AD2-9DC6-9932AC13E810}.Release|x64.Deploy.0 = Release|x64
		{4695B698-3B6E-4AD2-9DC6-9932AC13E810}.Release|x86.ActiveCfg = Release|x86
		{4695B698-3B6E-4AD2-9DC6-9932AC13E810}.Release|x86.Build.0 = Release|x86
		{4695B698-3B6E-4AD2-9DC6-9932AC13E810}.Release|x86.Deploy.0 = Release|x86
		{A1E180A8-C774-4FC2-B4A7-917A5CC5DC9B}.Debug|Any CPU.ActiveCfg = Debug|Any CPU
		{A1E180A8-C774-4FC2-B4A7-917A5CC5DC9B}.Debug|Any CPU.Build.0 = Debug|Any CPU
		{A1E180A8-C774-4FC2-B4A7-917A5CC5DC9B}.Debug|ARM.ActiveCfg = Debug|ARM
		{A1E180A8-C774-4FC2-B4A7-917A5CC5DC9B}.Debug|ARM.Build.0 = Debug|ARM
		{A1E180A8-C774-4FC2-B4A7-917A5CC5DC9B}.Debug|Mixed Platforms.ActiveCfg = Debug|x86
		{A1E180A8-C774-4FC2-B4A7-917A5CC5DC9B}.Debug|Mixed Platforms.Build.0 = Debug|x86
		{A1E180A8-C774-4FC2-B4A7-917A5CC5DC9B}.Debug|Win32.ActiveCfg = Debug|x86
		{A1E180A8-C774-4FC2-B4A7-917A5CC5DC9B}.Debug|Win32.Build.0 = Debug|x86
		{A1E180A8-C774-4FC2-B4A7-917A5CC5DC9B}.Debug|x64.ActiveCfg = Debug|x64
		{A1E180A8-C774-4FC2-B4A7-917A5CC5DC9B}.Debug|x64.Build.0 = Debug|x64
		{A1E180A8-C774-4FC2-B4A7-917A5CC5DC9B}.Debug|x86.ActiveCfg = Debug|x86
		{A1E180A8-C774-4FC2-B4A7-917A5CC5DC9B}.Debug|x86.Build.0 = Debug|x86
		{A1E180A8-C774-4FC2-B4A7-917A5CC5DC9B}.Release|Any CPU.ActiveCfg = Release|Any CPU
		{A1E180A8-C774-4FC2-B4A7-917A5CC5DC9B}.Release|Any CPU.Build.0 = Release|Any CPU
		{A1E180A8-C774-4FC2-B4A7-917A5CC5DC9B}.Release|ARM.ActiveCfg = Release|ARM
		{A1E180A8-C774-4FC2-B4A7-917A5CC5DC9B}.Release|ARM.Build.0 = Release|ARM
		{A1E180A8-C774-4FC2-B4A7-917A5CC5DC9B}.Release|Mixed Platforms.ActiveCfg = Release|x86
		{A1E180A8-C774-4FC2-B4A7-917A5CC5DC9B}.Release|Mixed Platforms.Build.0 = Release|x86
		{A1E180A8-C774-4FC2-B4A7-917A5CC5DC9B}.Release|Win32.ActiveCfg = Release|x86
		{A1E180A8-C774-4FC2-B4A7-917A5CC5DC9B}.Release|Win32.Build.0 = Release|x86
		{A1E180A8-C774-4FC2-B4A7-917A5CC5DC9B}.Release|x64.ActiveCfg = Release|x64
		{A1E180A8-C774-4FC2-B4A7-917A5CC5DC9B}.Release|x64.Build.0 = Release|x64
		{A1E180A8-C774-4FC2-B4A7-917A5CC5DC9B}.Release|x86.ActiveCfg = Release|x86
		{A1E180A8-C774-4FC2-B4A7-917A5CC5DC9B}.Release|x86.Build.0 = Release|x86
		{A50977C8-3E6D-46CE-8BC3-16A4878E3FCE}.Debug|Any CPU.ActiveCfg = Debug|Any CPU
		{A50977C8-3E6D-46CE-8BC3-16A4878E3FCE}.Debug|Any CPU.Build.0 = Debug|Any CPU
		{A50977C8-3E6D-46CE-8BC3-16A4878E3FCE}.Debug|ARM.ActiveCfg = Debug|ARM
		{A50977C8-3E6D-46CE-8BC3-16A4878E3FCE}.Debug|ARM.Build.0 = Debug|ARM
		{A50977C8-3E6D-46CE-8BC3-16A4878E3FCE}.Debug|Mixed Platforms.ActiveCfg = Debug|x86
		{A50977C8-3E6D-46CE-8BC3-16A4878E3FCE}.Debug|Mixed Platforms.Build.0 = Debug|x86
		{A50977C8-3E6D-46CE-8BC3-16A4878E3FCE}.Debug|Win32.ActiveCfg = Debug|x86
		{A50977C8-3E6D-46CE-8BC3-16A4878E3FCE}.Debug|Win32.Build.0 = Debug|x86
		{A50977C8-3E6D-46CE-8BC3-16A4878E3FCE}.Debug|x64.ActiveCfg = Debug|x64
		{A50977C8-3E6D-46CE-8BC3-16A4878E3FCE}.Debug|x64.Build.0 = Debug|x64
		{A50977C8-3E6D-46CE-8BC3-16A4878E3FCE}.Debug|x86.ActiveCfg = Debug|x86
		{A50977C8-3E6D-46CE-8BC3-16A4878E3FCE}.Debug|x86.Build.0 = Debug|x86
		{A50977C8-3E6D-46CE-8BC3-16A4878E3FCE}.Release|Any CPU.ActiveCfg = Release|Any CPU
		{A50977C8-3E6D-46CE-8BC3-16A4878E3FCE}.Release|Any CPU.Build.0 = Release|Any CPU
		{A50977C8-3E6D-46CE-8BC3-16A4878E3FCE}.Release|ARM.ActiveCfg = Release|ARM
		{A50977C8-3E6D-46CE-8BC3-16A4878E3FCE}.Release|ARM.Build.0 = Release|ARM
		{A50977C8-3E6D-46CE-8BC3-16A4878E3FCE}.Release|Mixed Platforms.ActiveCfg = Release|x86
		{A50977C8-3E6D-46CE-8BC3-16A4878E3FCE}.Release|Mixed Platforms.Build.0 = Release|x86
		{A50977C8-3E6D-46CE-8BC3-16A4878E3FCE}.Release|Win32.ActiveCfg = Release|x86
		{A50977C8-3E6D-46CE-8BC3-16A4878E3FCE}.Release|Win32.Build.0 = Release|x86
		{A50977C8-3E6D-46CE-8BC3-16A4878E3FCE}.Release|x64.ActiveCfg = Release|x64
		{A50977C8-3E6D-46CE-8BC3-16A4878E3FCE}.Release|x64.Build.0 = Release|x64
		{A50977C8-3E6D-46CE-8BC3-16A4878E3FCE}.Release|x86.ActiveCfg = Release|x86
		{A50977C8-3E6D-46CE-8BC3-16A4878E3FCE}.Release|x86.Build.0 = Release|x86
		{6713BEA0-7EBD-49AC-BCEC-0C3633E2C77C}.Debug|Any CPU.ActiveCfg = Debug|Any CPU
		{6713BEA0-7EBD-49AC-BCEC-0C3633E2C77C}.Debug|Any CPU.Build.0 = Debug|Any CPU
		{6713BEA0-7EBD-49AC-BCEC-0C3633E2C77C}.Debug|ARM.ActiveCfg = Debug|ARM
		{6713BEA0-7EBD-49AC-BCEC-0C3633E2C77C}.Debug|ARM.Build.0 = Debug|ARM
		{6713BEA0-7EBD-49AC-BCEC-0C3633E2C77C}.Debug|Mixed Platforms.ActiveCfg = Debug|x86
		{6713BEA0-7EBD-49AC-BCEC-0C3633E2C77C}.Debug|Mixed Platforms.Build.0 = Debug|x86
		{6713BEA0-7EBD-49AC-BCEC-0C3633E2C77C}.Debug|Win32.ActiveCfg = Debug|x86
		{6713BEA0-7EBD-49AC-BCEC-0C3633E2C77C}.Debug|Win32.Build.0 = Debug|x86
		{6713BEA0-7EBD-49AC-BCEC-0C3633E2C77C}.Debug|x64.ActiveCfg = Debug|x64
		{6713BEA0-7EBD-49AC-BCEC-0C3633E2C77C}.Debug|x64.Build.0 = Debug|x64
		{6713BEA0-7EBD-49AC-BCEC-0C3633E2C77C}.Debug|x86.ActiveCfg = Debug|x86
		{6713BEA0-7EBD-49AC-BCEC-0C3633E2C77C}.Debug|x86.Build.0 = Debug|x86
		{6713BEA0-7EBD-49AC-BCEC-0C3633E2C77C}.Release|Any CPU.ActiveCfg = Release|Any CPU
		{6713BEA0-7EBD-49AC-BCEC-0C3633E2C77C}.Release|Any CPU.Build.0 = Release|Any CPU
		{6713BEA0-7EBD-49AC-BCEC-0C3633E2C77C}.Release|ARM.ActiveCfg = Release|ARM
		{6713BEA0-7EBD-49AC-BCEC-0C3633E2C77C}.Release|ARM.Build.0 = Release|ARM
		{6713BEA0-7EBD-49AC-BCEC-0C3633E2C77C}.Release|Mixed Platforms.ActiveCfg = Release|x86
		{6713BEA0-7EBD-49AC-BCEC-0C3633E2C77C}.Release|Mixed Platforms.Build.0 = Release|x86
		{6713BEA0-7EBD-49AC-BCEC-0C3633E2C77C}.Release|Win32.ActiveCfg = Release|x86
		{6713BEA0-7EBD-49AC-BCEC-0C3633E2C77C}.Release|Win32.Build.0 = Release|x86
		{6713BEA0-7EBD-49AC-BCEC-0C3633E2C77C}.Release|x64.ActiveCfg = Release|x64
		{6713BEA0-7EBD-49AC-BCEC-0C3633E2C77C}.Release|x64.Build.0 = Release|x64
		{6713BEA0-7EBD-49AC-BCEC-0C3633E2C77C}.Release|x86.ActiveCfg = Release|x86
		{6713BEA0-7EBD-49AC-BCEC-0C3633E2C77C}.Release|x86.Build.0 = Release|x86
		{F9CD2948-109F-4774-AC05-0EE54B3AB55B}.Debug|Any CPU.ActiveCfg = Debug|Any CPU
		{F9CD2948-109F-4774-AC05-0EE54B3AB55B}.Debug|Any CPU.Build.0 = Debug|Any CPU
		{F9CD2948-109F-4774-AC05-0EE54B3AB55B}.Debug|ARM.ActiveCfg = Debug|ARM
		{F9CD2948-109F-4774-AC05-0EE54B3AB55B}.Debug|ARM.Build.0 = Debug|ARM
		{F9CD2948-109F-4774-AC05-0EE54B3AB55B}.Debug|Mixed Platforms.ActiveCfg = Debug|x86
		{F9CD2948-109F-4774-AC05-0EE54B3AB55B}.Debug|Mixed Platforms.Build.0 = Debug|x86
		{F9CD2948-109F-4774-AC05-0EE54B3AB55B}.Debug|Win32.ActiveCfg = Debug|x86
		{F9CD2948-109F-4774-AC05-0EE54B3AB55B}.Debug|Win32.Build.0 = Debug|x86
		{F9CD2948-109F-4774-AC05-0EE54B3AB55B}.Debug|x64.ActiveCfg = Debug|x64
		{F9CD2948-109F-4774-AC05-0EE54B3AB55B}.Debug|x64.Build.0 = Debug|x64
		{F9CD2948-109F-4774-AC05-0EE54B3AB55B}.Debug|x86.ActiveCfg = Debug|x86
		{F9CD2948-109F-4774-AC05-0EE54B3AB55B}.Debug|x86.Build.0 = Debug|x86
		{F9CD2948-109F-4774-AC05-0EE54B3AB55B}.Release|Any CPU.ActiveCfg = Release|Any CPU
		{F9CD2948-109F-4774-AC05-0EE54B3AB55B}.Release|Any CPU.Build.0 = Release|Any CPU
		{F9CD2948-109F-4774-AC05-0EE54B3AB55B}.Release|ARM.ActiveCfg = Release|ARM
		{F9CD2948-109F-4774-AC05-0EE54B3AB55B}.Release|ARM.Build.0 = Release|ARM
		{F9CD2948-109F-4774-AC05-0EE54B3AB55B}.Release|Mixed Platforms.ActiveCfg = Release|x86
		{F9CD2948-109F-4774-AC05-0EE54B3AB55B}.Release|Mixed Platforms.Build.0 = Release|x86
		{F9CD2948-109F-4774-AC05-0EE54B3AB55B}.Release|Win32.ActiveCfg = Release|x86
		{F9CD2948-109F-4774-AC05-0EE54B3AB55B}.Release|Win32.Build.0 = Release|x86
		{F9CD2948-109F-4774-AC05-0EE54B3AB55B}.Release|x64.ActiveCfg = Release|x64
		{F9CD2948-109F-4774-AC05-0EE54B3AB55B}.Release|x64.Build.0 = Release|x64
		{F9CD2948-109F-4774-AC05-0EE54B3AB55B}.Release|x86.ActiveCfg = Release|x86
		{F9CD2948-109F-4774-AC05-0EE54B3AB55B}.Release|x86.Build.0 = Release|x86
	EndGlobalSection
	GlobalSection(SolutionProperties) = preSolution
		HideSolutionNode = FALSE
	EndGlobalSection
	GlobalSection(ExtensibilityGlobals) = postSolution
		SolutionGuid = {309540F6-0CA7-473B-B7E4-DEB935019D33}
	EndGlobalSection
EndGlobal
